
Microsoft Visual Studio Solution File, Format Version 12.00
#
Project("{FAE04EC0-301F-11D3-BF4B-00C04F79EFBC}") = "ShipitSmarter.Core", "src\ShipitSmarter.Core\ShipitSmarter.Core.csproj", "{E8F24E60-69AF-4EDE-B9C2-CA59748977F6}"
EndProject
Project("{FAE04EC0-301F-11D3-BF4B-00C04F79EFBC}") = "ShipitSmarter.Core.Tests", "test\ShipitSmarter.Core.Tests\ShipitSmarter.Core.Tests.csproj", "{2E49D658-A526-406C-AE0E-A3440E6BDCE5}"
EndProject
Project("{FAE04EC0-301F-11D3-BF4B-00C04F79EFBC}") = "ShipitSmarter.Core.AspNet", "src\ShipitSmarter.Core.AspNet\ShipitSmarter.Core.AspNet.csproj", "{4029F596-E24E-4174-8A0E-A120963FE086}"
EndProject
Project("{FAE04EC0-301F-11D3-BF4B-00C04F79EFBC}") = "ShipitSmarter.Core.Serialization", "src\ShipitSmarter.Core.Serialization\ShipitSmarter.Core.Serialization.csproj", "{8A3F5769-5ABF-4F4E-8EE7-03BDFB9F9B37}"
EndProject
Project("{2150E333-8FDC-42A3-9474-1A3956D46DE8}") = "src", "src", "{63E59879-A847-4DD2-98B4-6111724AF14E}"
EndProject
Project("{FAE04EC0-301F-11D3-BF4B-00C04F79EFBC}") = "ShipitSmarter.Core.Messaging", "src\ShipitSmarter.Core.Messaging\ShipitSmarter.Core.Messaging.csproj", "{44B827A0-0E5B-487D-AE1B-7A837815E086}"
EndProject
Project("{FAE04EC0-301F-11D3-BF4B-00C04F79EFBC}") = "ShipitSmarter.Core.Messaging.Publisher", "src\ShipitSmarter.Core.Messaging.Publisher\ShipitSmarter.Core.Messaging.Publisher.csproj", "{9229514A-73CA-458F-B4E2-9EEF993FECF7}"
EndProject
Project("{FAE04EC0-301F-11D3-BF4B-00C04F79EFBC}") = "ShipitSmarter.Core.Messaging.Subscriber", "src\ShipitSmarter.Core.Messaging.Subscriber\ShipitSmarter.Core.Messaging.Subscriber.csproj", "{5F24E333-F5B0-45FB-9591-87721F35F9CA}"
EndProject
Project("{2150E333-8FDC-42A3-9474-1A3956D46DE8}") = "test", "test", "{89A28477-7590-4A12-8243-B79658065A35}"
EndProject
Project("{FAE04EC0-301F-11D3-BF4B-00C04F79EFBC}") = "ShipitSmarter.Core.Messaging.Tests", "test\ShipitSmarter.Core.Messaging.Tests\ShipitSmarter.Core.Messaging.Tests.csproj", "{4D871CE5-F60F-49B1-BE0F-3EB3E118A255}"
EndProject
Project("{FAE04EC0-301F-11D3-BF4B-00C04F79EFBC}") = "ShipitSmarter.Core.Messaging.Publisher.Tests", "test\ShipitSmarter.Core.Messaging.Publisher.Tests\ShipitSmarter.Core.Messaging.Publisher.Tests.csproj", "{31210A04-1DD5-496F-BBC9-14052A787FFC}"
EndProject
Project("{FAE04EC0-301F-11D3-BF4B-00C04F79EFBC}") = "ShipitSmarter.Core.Messaging.Subscriber.Tests", "test\ShipitSmarter.Core.Messaging.Subscriber.Tests\ShipitSmarter.Core.Messaging.Subscriber.Tests.csproj", "{55BE7C49-983F-4E6F-8F9E-23079825DB76}"
EndProject
Global
	GlobalSection(SolutionConfigurationPlatforms) = preSolution
		Debug|Any CPU = Debug|Any CPU
		Release|Any CPU = Release|Any CPU
	EndGlobalSection
	GlobalSection(ProjectConfigurationPlatforms) = postSolution
		{E8F24E60-69AF-4EDE-B9C2-CA59748977F6}.Debug|Any CPU.ActiveCfg = Debug|Any CPU
		{E8F24E60-69AF-4EDE-B9C2-CA59748977F6}.Debug|Any CPU.Build.0 = Debug|Any CPU
		{E8F24E60-69AF-4EDE-B9C2-CA59748977F6}.Release|Any CPU.ActiveCfg = Release|Any CPU
		{E8F24E60-69AF-4EDE-B9C2-CA59748977F6}.Release|Any CPU.Build.0 = Release|Any CPU
		{2E49D658-A526-406C-AE0E-A3440E6BDCE5}.Debug|Any CPU.ActiveCfg = Debug|Any CPU
		{2E49D658-A526-406C-AE0E-A3440E6BDCE5}.Debug|Any CPU.Build.0 = Debug|Any CPU
		{2E49D658-A526-406C-AE0E-A3440E6BDCE5}.Release|Any CPU.ActiveCfg = Release|Any CPU
		{2E49D658-A526-406C-AE0E-A3440E6BDCE5}.Release|Any CPU.Build.0 = Release|Any CPU
		{4029F596-E24E-4174-8A0E-A120963FE086}.Debug|Any CPU.ActiveCfg = Debug|Any CPU
		{4029F596-E24E-4174-8A0E-A120963FE086}.Debug|Any CPU.Build.0 = Debug|Any CPU
		{4029F596-E24E-4174-8A0E-A120963FE086}.Release|Any CPU.ActiveCfg = Release|Any CPU
		{4029F596-E24E-4174-8A0E-A120963FE086}.Release|Any CPU.Build.0 = Release|Any CPU
		{8A3F5769-5ABF-4F4E-8EE7-03BDFB9F9B37}.Debug|Any CPU.ActiveCfg = Debug|Any CPU
		{8A3F5769-5ABF-4F4E-8EE7-03BDFB9F9B37}.Debug|Any CPU.Build.0 = Debug|Any CPU
		{8A3F5769-5ABF-4F4E-8EE7-03BDFB9F9B37}.Release|Any CPU.ActiveCfg = Release|Any CPU
		{8A3F5769-5ABF-4F4E-8EE7-03BDFB9F9B37}.Release|Any CPU.Build.0 = Release|Any CPU
		{44B827A0-0E5B-487D-AE1B-7A837815E086}.Debug|Any CPU.ActiveCfg = Debug|Any CPU
		{44B827A0-0E5B-487D-AE1B-7A837815E086}.Debug|Any CPU.Build.0 = Debug|Any CPU
		{44B827A0-0E5B-487D-AE1B-7A837815E086}.Release|Any CPU.ActiveCfg = Release|Any CPU
		{44B827A0-0E5B-487D-AE1B-7A837815E086}.Release|Any CPU.Build.0 = Release|Any CPU
		{9229514A-73CA-458F-B4E2-9EEF993FECF7}.Debug|Any CPU.ActiveCfg = Debug|Any CPU
		{9229514A-73CA-458F-B4E2-9EEF993FECF7}.Debug|Any CPU.Build.0 = Debug|Any CPU
		{9229514A-73CA-458F-B4E2-9EEF993FECF7}.Release|Any CPU.ActiveCfg = Release|Any CPU
		{9229514A-73CA-458F-B4E2-9EEF993FECF7}.Release|Any CPU.Build.0 = Release|Any CPU
		{5F24E333-F5B0-45FB-9591-87721F35F9CA}.Debug|Any CPU.ActiveCfg = Debug|Any CPU
		{5F24E333-F5B0-45FB-9591-87721F35F9CA}.Debug|Any CPU.Build.0 = Debug|Any CPU
		{5F24E333-F5B0-45FB-9591-87721F35F9CA}.Release|Any CPU.ActiveCfg = Release|Any CPU
		{5F24E333-F5B0-45FB-9591-87721F35F9CA}.Release|Any CPU.Build.0 = Release|Any CPU
		{4D871CE5-F60F-49B1-BE0F-3EB3E118A255}.Debug|Any CPU.ActiveCfg = Debug|Any CPU
		{4D871CE5-F60F-49B1-BE0F-3EB3E118A255}.Debug|Any CPU.Build.0 = Debug|Any CPU
		{4D871CE5-F60F-49B1-BE0F-3EB3E118A255}.Release|Any CPU.ActiveCfg = Release|Any CPU
		{4D871CE5-F60F-49B1-BE0F-3EB3E118A255}.Release|Any CPU.Build.0 = Release|Any CPU
		{31210A04-1DD5-496F-BBC9-14052A787FFC}.Debug|Any CPU.ActiveCfg = Debug|Any CPU
		{31210A04-1DD5-496F-BBC9-14052A787FFC}.Debug|Any CPU.Build.0 = Debug|Any CPU
		{31210A04-1DD5-496F-BBC9-14052A787FFC}.Release|Any CPU.ActiveCfg = Release|Any CPU
		{31210A04-1DD5-496F-BBC9-14052A787FFC}.Release|Any CPU.Build.0 = Release|Any CPU
		{55BE7C49-983F-4E6F-8F9E-23079825DB76}.Debug|Any CPU.ActiveCfg = Debug|Any CPU
		{55BE7C49-983F-4E6F-8F9E-23079825DB76}.Debug|Any CPU.Build.0 = Debug|Any CPU
		{55BE7C49-983F-4E6F-8F9E-23079825DB76}.Release|Any CPU.ActiveCfg = Release|Any CPU
		{55BE7C49-983F-4E6F-8F9E-23079825DB76}.Release|Any CPU.Build.0 = Release|Any CPU
	EndGlobalSection
	GlobalSection(NestedProjects) = preSolution
		{44B827A0-0E5B-487D-AE1B-7A837815E086} = {63E59879-A847-4DD2-98B4-6111724AF14E}
		{9229514A-73CA-458F-B4E2-9EEF993FECF7} = {63E59879-A847-4DD2-98B4-6111724AF14E}
		{5F24E333-F5B0-45FB-9591-87721F35F9CA} = {63E59879-A847-4DD2-98B4-6111724AF14E}
		{4D871CE5-F60F-49B1-BE0F-3EB3E118A255} = {89A28477-7590-4A12-8243-B79658065A35}
		{31210A04-1DD5-496F-BBC9-14052A787FFC} = {89A28477-7590-4A12-8243-B79658065A35}
		{55BE7C49-983F-4E6F-8F9E-23079825DB76} = {89A28477-7590-4A12-8243-B79658065A35}
		{E8F24E60-69AF-4EDE-B9C2-CA59748977F6} = {63E59879-A847-4DD2-98B4-6111724AF14E}
		{4029F596-E24E-4174-8A0E-A120963FE086} = {63E59879-A847-4DD2-98B4-6111724AF14E}
		{8A3F5769-5ABF-4F4E-8EE7-03BDFB9F9B37} = {63E59879-A847-4DD2-98B4-6111724AF14E}
		{2E49D658-A526-406C-AE0E-A3440E6BDCE5} = {89A28477-7590-4A12-8243-B79658065A35}
	EndGlobalSection
EndGlobal
