
Microsoft Visual Studio Solution File, Format Version 12.00
Project("{FAE04EC0-301F-11D3-BF4B-00C04F79EFBC}") = "ShipitSmarter.Core", "src\ShipitSmarter.Core\ShipitSmarter.Core.csproj", "{E8F24E60-69AF-4EDE-B9C2-CA59748977F6}"
EndProject
Global
	GlobalSection(SolutionConfigurationPlatforms) = preSolution
		Debug|Any CPU = Debug|Any CPU
		Release|Any CPU = Release|Any CPU
	EndGlobalSection
	GlobalSection(ProjectConfigurationPlatforms) = postSolution
		{E8F24E60-69AF-4EDE-B9C2-CA59748977F6}.Debug|Any CPU.ActiveCfg = Debug|Any CPU
		{E8F24E60-69AF-4EDE-B9C2-CA59748977F6}.Debug|Any CPU.Build.0 = Debug|Any CPU
		{E8F24E60-69AF-4EDE-B9C2-CA59748977F6}.Release|Any CPU.ActiveCfg = Release|Any CPU
		{E8F24E60-69AF-4EDE-B9C2-CA59748977F6}.Release|Any CPU.Build.0 = Release|Any CPU
	EndGlobalSection
EndGlobal
